
Microsoft Visual Studio Solution File, Format Version 11.00
# Visual Studio 2010
Project("{FAE04EC0-301F-11D3-BF4B-00C04F79EFBC}") = "Project 2", "Project 2\Project 2.csproj", "{BE59700E-751F-4ABF-81BD-E4E9C70B09EF}"
EndProject
Global
	GlobalSection(SolutionConfigurationPlatforms) = preSolution
		Debug|x86 = Debug|x86
		Release|x86 = Release|x86
	EndGlobalSection
	GlobalSection(ProjectConfigurationPlatforms) = postSolution
		{BE59700E-751F-4ABF-81BD-E4E9C70B09EF}.Debug|x86.ActiveCfg = Debug|x86
		{BE59700E-751F-4ABF-81BD-E4E9C70B09EF}.Debug|x86.Build.0 = Debug|x86
		{BE59700E-751F-4ABF-81BD-E4E9C70B09EF}.Release|x86.ActiveCfg = Release|x86
		{BE59700E-751F-4ABF-81BD-E4E9C70B09EF}.Release|x86.Build.0 = Release|x86
	EndGlobalSection
	GlobalSection(SolutionProperties) = preSolution
		HideSolutionNode = FALSE
	EndGlobalSection
EndGlobal
